
Microsoft Visual Studio Solution File, Format Version 11.00
# Visual Studio 2010
Project("{FAE04EC0-301F-11D3-BF4B-00C04F79EFBC}") = "ShareTabWin", "ShareTabWin\ShareTabWin.csproj", "{5148ADE2-512D-4029-9404-6E13A0085FAC}"
EndProject
Project("{FAE04EC0-301F-11D3-BF4B-00C04F79EFBC}") = "Communication", "Communication\Communication.csproj", "{F28790D0-37A0-4C79-823A-3FFC9BF86894}"
EndProject
Project("{FAE04EC0-301F-11D3-BF4B-00C04F79EFBC}") = "Infrastructure", "Infrastructure\Infrastructure.csproj", "{4CE80311-6B87-4483-AF93-A3261DC3B1A7}"
EndProject
Project("{FAE04EC0-301F-11D3-BF4B-00C04F79EFBC}") = "AvalonDock", "AvalonDock\AvalonDock.csproj", "{87E61430-4243-45F2-B74E-0A4C096CEBF3}"
EndProject
Global
	GlobalSection(SolutionConfigurationPlatforms) = preSolution
		Debug|Any CPU = Debug|Any CPU
		Debug|Mixed Platforms = Debug|Mixed Platforms
		Debug|x86 = Debug|x86
		Release|Any CPU = Release|Any CPU
		Release|Mixed Platforms = Release|Mixed Platforms
		Release|x86 = Release|x86
	EndGlobalSection
	GlobalSection(ProjectConfigurationPlatforms) = postSolution
		{5148ADE2-512D-4029-9404-6E13A0085FAC}.Debug|Any CPU.ActiveCfg = Debug|x86
		{5148ADE2-512D-4029-9404-6E13A0085FAC}.Debug|Mixed Platforms.ActiveCfg = Debug|x86
		{5148ADE2-512D-4029-9404-6E13A0085FAC}.Debug|Mixed Platforms.Build.0 = Debug|x86
		{5148ADE2-512D-4029-9404-6E13A0085FAC}.Debug|x86.ActiveCfg = Debug|x86
		{5148ADE2-512D-4029-9404-6E13A0085FAC}.Debug|x86.Build.0 = Debug|x86
		{5148ADE2-512D-4029-9404-6E13A0085FAC}.Release|Any CPU.ActiveCfg = Release|x86
		{5148ADE2-512D-4029-9404-6E13A0085FAC}.Release|Mixed Platforms.ActiveCfg = Release|x86
		{5148ADE2-512D-4029-9404-6E13A0085FAC}.Release|Mixed Platforms.Build.0 = Release|x86
		{5148ADE2-512D-4029-9404-6E13A0085FAC}.Release|x86.ActiveCfg = Release|x86
		{5148ADE2-512D-4029-9404-6E13A0085FAC}.Release|x86.Build.0 = Release|x86
		{F28790D0-37A0-4C79-823A-3FFC9BF86894}.Debug|Any CPU.ActiveCfg = Debug|Any CPU
		{F28790D0-37A0-4C79-823A-3FFC9BF86894}.Debug|Any CPU.Build.0 = Debug|Any CPU
		{F28790D0-37A0-4C79-823A-3FFC9BF86894}.Debug|Mixed Platforms.ActiveCfg = Debug|Any CPU
		{F28790D0-37A0-4C79-823A-3FFC9BF86894}.Debug|Mixed Platforms.Build.0 = Debug|Any CPU
		{F28790D0-37A0-4C79-823A-3FFC9BF86894}.Debug|x86.ActiveCfg = Debug|Any CPU
		{F28790D0-37A0-4C79-823A-3FFC9BF86894}.Release|Any CPU.ActiveCfg = Release|Any CPU
		{F28790D0-37A0-4C79-823A-3FFC9BF86894}.Release|Any CPU.Build.0 = Release|Any CPU
		{F28790D0-37A0-4C79-823A-3FFC9BF86894}.Release|Mixed Platforms.ActiveCfg = Release|Any CPU
		{F28790D0-37A0-4C79-823A-3FFC9BF86894}.Release|Mixed Platforms.Build.0 = Release|Any CPU
		{F28790D0-37A0-4C79-823A-3FFC9BF86894}.Release|x86.ActiveCfg = Release|Any CPU
		{4CE80311-6B87-4483-AF93-A3261DC3B1A7}.Debug|Any CPU.ActiveCfg = Debug|Any CPU
		{4CE80311-6B87-4483-AF93-A3261DC3B1A7}.Debug|Any CPU.Build.0 = Debug|Any CPU
		{4CE80311-6B87-4483-AF93-A3261DC3B1A7}.Debug|Mixed Platforms.ActiveCfg = Debug|Any CPU
		{4CE80311-6B87-4483-AF93-A3261DC3B1A7}.Debug|Mixed Platforms.Build.0 = Debug|Any CPU
		{4CE80311-6B87-4483-AF93-A3261DC3B1A7}.Debug|x86.ActiveCfg = Debug|Any CPU
		{4CE80311-6B87-4483-AF93-A3261DC3B1A7}.Release|Any CPU.ActiveCfg = Release|Any CPU
		{4CE80311-6B87-4483-AF93-A3261DC3B1A7}.Release|Any CPU.Build.0 = Release|Any CPU
		{4CE80311-6B87-4483-AF93-A3261DC3B1A7}.Release|Mixed Platforms.ActiveCfg = Release|Any CPU
		{4CE80311-6B87-4483-AF93-A3261DC3B1A7}.Release|Mixed Platforms.Build.0 = Release|Any CPU
		{4CE80311-6B87-4483-AF93-A3261DC3B1A7}.Release|x86.ActiveCfg = Release|Any CPU
		{87E61430-4243-45F2-B74E-0A4C096CEBF3}.Debug|Any CPU.ActiveCfg = Debug|Any CPU
		{87E61430-4243-45F2-B74E-0A4C096CEBF3}.Debug|Any CPU.Build.0 = Debug|Any CPU
		{87E61430-4243-45F2-B74E-0A4C096CEBF3}.Debug|Mixed Platforms.ActiveCfg = Debug|Any CPU
		{87E61430-4243-45F2-B74E-0A4C096CEBF3}.Debug|Mixed Platforms.Build.0 = Debug|Any CPU
		{87E61430-4243-45F2-B74E-0A4C096CEBF3}.Debug|x86.ActiveCfg = Debug|Any CPU
		{87E61430-4243-45F2-B74E-0A4C096CEBF3}.Release|Any CPU.ActiveCfg = Release|Any CPU
		{87E61430-4243-45F2-B74E-0A4C096CEBF3}.Release|Any CPU.Build.0 = Release|Any CPU
		{87E61430-4243-45F2-B74E-0A4C096CEBF3}.Release|Mixed Platforms.ActiveCfg = Release|Any CPU
		{87E61430-4243-45F2-B74E-0A4C096CEBF3}.Release|Mixed Platforms.Build.0 = Release|Any CPU
		{87E61430-4243-45F2-B74E-0A4C096CEBF3}.Release|x86.ActiveCfg = Release|Any CPU
	EndGlobalSection
	GlobalSection(SolutionProperties) = preSolution
		HideSolutionNode = FALSE
	EndGlobalSection
EndGlobal
